
Microsoft Visual Studio Solution File, Format Version 12.00
# Visual Studio Version 17
VisualStudioVersion = 17.9.34622.214
MinimumVisualStudioVersion = 10.0.40219.1
Project("{9A19103F-16F7-4668-BE54-9A1E7A4F7556}") = "API_Magazynex_New", "API_Magazynex_New\API_Magazynex_New.csproj", "{B22E97AA-5E18-43E0-AC68-FDEC4FA0FACE}"
EndProject
Global
	GlobalSection(SolutionConfigurationPlatforms) = preSolution
		Debug|Any CPU = Debug|Any CPU
		Release|Any CPU = Release|Any CPU
	EndGlobalSection
	GlobalSection(ProjectConfigurationPlatforms) = postSolution
		{B22E97AA-5E18-43E0-AC68-FDEC4FA0FACE}.Debug|Any CPU.ActiveCfg = Debug|Any CPU
		{B22E97AA-5E18-43E0-AC68-FDEC4FA0FACE}.Debug|Any CPU.Build.0 = Debug|Any CPU
		{B22E97AA-5E18-43E0-AC68-FDEC4FA0FACE}.Release|Any CPU.ActiveCfg = Release|Any CPU
		{B22E97AA-5E18-43E0-AC68-FDEC4FA0FACE}.Release|Any CPU.Build.0 = Release|Any CPU
	EndGlobalSection
	GlobalSection(SolutionProperties) = preSolution
		HideSolutionNode = FALSE
	EndGlobalSection
	GlobalSection(ExtensibilityGlobals) = postSolution
		SolutionGuid = {36814B10-1DFF-4B32-A30E-7EDB370F2DD6}
	EndGlobalSection
EndGlobal
